Microsoft Visual Studio Solution File, Format Version 12.00
# Visual Studio Version 17
VisualStudioVersion = 17.0.31903.59
MinimumVisualStudioVersion = 10.0.40219.1
Project("{8BC9CEB8-8B4A-11D0-8D11-00A0C91BC942}") = "KnLiveDbgDriver", "driver\KnLiveDbgDriver.vcxproj", "{0A1CE884-07D9-4EF1-A9D2-71176B491178}"
EndProject
Project("{8BC9CEB8-8B4A-11D0-8D11-00A0C91BC942}") = "KnLiveDbg", "user\KnLiveDbg.vcxproj", "{7C391075-4214-49AB-A269-A0E7A37C1B45}"
EndProject
Global
	GlobalSection(SolutionConfigurationPlatforms) = preSolution
		Debug|x64 = Debug|x64
		Release|x64 = Release|x64
	EndGlobalSection
	GlobalSection(ProjectConfigurationPlatforms) = postSolution
		{0A1CE884-07D9-4EF1-A9D2-71176B491178}.Debug|x64.ActiveCfg = Debug|x64
		{0A1CE884-07D9-4EF1-A9D2-71176B491178}.Debug|x64.Build.0 = Debug|x64
		{0A1CE884-07D9-4EF1-A9D2-71176B491178}.Release|x64.ActiveCfg = Release|x64
		{0A1CE884-07D9-4EF1-A9D2-71176B491178}.Release|x64.Build.0 = Release|x64
		{7C391075-4214-49AB-A269-A0E7A37C1B45}.Debug|x64.ActiveCfg = Debug|x64
		{7C391075-4214-49AB-A269-A0E7A37C1B45}.Debug|x64.Build.0 = Debug|x64
		{7C391075-4214-49AB-A269-A0E7A37C1B45}.Release|x64.ActiveCfg = Release|x64
		{7C391075-4214-49AB-A269-A0E7A37C1B45}.Release|x64.Build.0 = Release|x64
	EndGlobalSection
	GlobalSection(SolutionProperties) = preSolution
		HideSolutionNode = FALSE
	EndGlobalSection
EndGlobal
