Microsoft Visual Studio Solution File, Format Version 12.00
# Visual Studio Version 17
VisualStudioVersion = 17.0.31903.59
MinimumVisualStudioVersion = 10.0.40219.1
Project("{8BC9CEB8-8B4A-11D0-8D11-00A0C91BC942}") = "KnLiveDbgDriver", "driver\KnLiveDbgDriver.vcxproj", "{0A1CE884-07D9-4EF1-A9D2-71176B491178}"
EndProject
Project("{8BC9CEB8-8B4A-11D0-8D11-00A0C91BC942}") = "KnLiveDbg", "user\KnLiveDbg.vcxproj", "{7C391075-4214-49AB-A269-A0E7A37C1B45}"
EndProject
Project("{8BC9CEB8-8B4A-11D0-8D11-00A0C91BC942}") = "KnLiveDbgProbeDriver", "probe_driver\KnLiveDbgProbeDriver.vcxproj", "{C2F86C86-6E65-4F53-A35A-D92B91B7A2C3}"
EndProject
Project("{8BC9CEB8-8B4A-11D0-8D11-00A0C91BC942}") = "KnLiveDbgByovdFixtureDriver", "byovd_fixture_driver\KnLiveDbgByovdFixtureDriver.vcxproj", "{E2F0BB6F-9A18-4E95-89BC-ED32A4C1101E}"
EndProject
Project("{8BC9CEB8-8B4A-11D0-8D11-00A0C91BC942}") = "KnLiveDbgMiniFilterFixture", "minifilter_fixture_driver\KnLiveDbgMiniFilterFixture.vcxproj", "{F3A56E8B-3303-41E7-B0CA-F72E9D425045}"
EndProject
Project("{8BC9CEB8-8B4A-11D0-8D11-00A0C91BC942}") = "KnLiveDbgBindFixture", "bind_fixture_controller\KnLiveDbgBindFixture.vcxproj", "{909CF1B8-1B7A-4E0E-9ED8-1C8B235F55EB}"
EndProject
Project("{8BC9CEB8-8B4A-11D0-8D11-00A0C91BC942}") = "KnLiveDbgHuntTarget", "hunt_test_target\KnLiveDbgHuntTarget.vcxproj", "{D01E26B9-7A2E-4FC7-99CC-9BAA2EAD65F7}"
EndProject
Project("{8BC9CEB8-8B4A-11D0-8D11-00A0C91BC942}") = "KnLiveDbgHuntTargetDll", "hunt_test_target\KnLiveDbgHuntTargetDll.vcxproj", "{A2C36B8C-C53F-4E35-A8F5-B2E2AB5BDE61}"
EndProject
Project("{8BC9CEB8-8B4A-11D0-8D11-00A0C91BC942}") = "KnLiveDbgKmonTarget", "kmon_test_target\KnLiveDbgKmonTarget.vcxproj", "{C91D4E27-6B8A-4F11-9E3C-77A1B2C3D4E5}"
EndProject
Global
	GlobalSection(SolutionConfigurationPlatforms) = preSolution
		Debug|x64 = Debug|x64
		Release|x64 = Release|x64
	EndGlobalSection
	GlobalSection(ProjectConfigurationPlatforms) = postSolution
		{0A1CE884-07D9-4EF1-A9D2-71176B491178}.Debug|x64.ActiveCfg = Debug|x64
		{0A1CE884-07D9-4EF1-A9D2-71176B491178}.Debug|x64.Build.0 = Debug|x64
		{0A1CE884-07D9-4EF1-A9D2-71176B491178}.Release|x64.ActiveCfg = Release|x64
		{0A1CE884-07D9-4EF1-A9D2-71176B491178}.Release|x64.Build.0 = Release|x64
		{7C391075-4214-49AB-A269-A0E7A37C1B45}.Debug|x64.ActiveCfg = Debug|x64
		{7C391075-4214-49AB-A269-A0E7A37C1B45}.Debug|x64.Build.0 = Debug|x64
		{7C391075-4214-49AB-A269-A0E7A37C1B45}.Release|x64.ActiveCfg = Release|x64
		{7C391075-4214-49AB-A269-A0E7A37C1B45}.Release|x64.Build.0 = Release|x64
		{C2F86C86-6E65-4F53-A35A-D92B91B7A2C3}.Debug|x64.ActiveCfg = Debug|x64
		{C2F86C86-6E65-4F53-A35A-D92B91B7A2C3}.Debug|x64.Build.0 = Debug|x64
		{C2F86C86-6E65-4F53-A35A-D92B91B7A2C3}.Release|x64.ActiveCfg = Release|x64
		{C2F86C86-6E65-4F53-A35A-D92B91B7A2C3}.Release|x64.Build.0 = Release|x64
		{E2F0BB6F-9A18-4E95-89BC-ED32A4C1101E}.Debug|x64.ActiveCfg = Debug|x64
		{E2F0BB6F-9A18-4E95-89BC-ED32A4C1101E}.Debug|x64.Build.0 = Debug|x64
		{E2F0BB6F-9A18-4E95-89BC-ED32A4C1101E}.Release|x64.ActiveCfg = Release|x64
		{E2F0BB6F-9A18-4E95-89BC-ED32A4C1101E}.Release|x64.Build.0 = Release|x64
		{F3A56E8B-3303-41E7-B0CA-F72E9D425045}.Debug|x64.ActiveCfg = Debug|x64
		{F3A56E8B-3303-41E7-B0CA-F72E9D425045}.Debug|x64.Build.0 = Debug|x64
		{F3A56E8B-3303-41E7-B0CA-F72E9D425045}.Release|x64.ActiveCfg = Release|x64
		{F3A56E8B-3303-41E7-B0CA-F72E9D425045}.Release|x64.Build.0 = Release|x64
		{909CF1B8-1B7A-4E0E-9ED8-1C8B235F55EB}.Debug|x64.ActiveCfg = Debug|x64
		{909CF1B8-1B7A-4E0E-9ED8-1C8B235F55EB}.Debug|x64.Build.0 = Debug|x64
		{909CF1B8-1B7A-4E0E-9ED8-1C8B235F55EB}.Release|x64.ActiveCfg = Release|x64
		{909CF1B8-1B7A-4E0E-9ED8-1C8B235F55EB}.Release|x64.Build.0 = Release|x64
		{D01E26B9-7A2E-4FC7-99CC-9BAA2EAD65F7}.Debug|x64.ActiveCfg = Debug|x64
		{D01E26B9-7A2E-4FC7-99CC-9BAA2EAD65F7}.Debug|x64.Build.0 = Debug|x64
		{D01E26B9-7A2E-4FC7-99CC-9BAA2EAD65F7}.Release|x64.ActiveCfg = Release|x64
		{D01E26B9-7A2E-4FC7-99CC-9BAA2EAD65F7}.Release|x64.Build.0 = Release|x64
		{A2C36B8C-C53F-4E35-A8F5-B2E2AB5BDE61}.Debug|x64.ActiveCfg = Debug|x64
		{A2C36B8C-C53F-4E35-A8F5-B2E2AB5BDE61}.Debug|x64.Build.0 = Debug|x64
		{A2C36B8C-C53F-4E35-A8F5-B2E2AB5BDE61}.Release|x64.ActiveCfg = Release|x64
		{A2C36B8C-C53F-4E35-A8F5-B2E2AB5BDE61}.Release|x64.Build.0 = Release|x64
		{C91D4E27-6B8A-4F11-9E3C-77A1B2C3D4E5}.Debug|x64.ActiveCfg = Debug|x64
		{C91D4E27-6B8A-4F11-9E3C-77A1B2C3D4E5}.Debug|x64.Build.0 = Debug|x64
		{C91D4E27-6B8A-4F11-9E3C-77A1B2C3D4E5}.Release|x64.ActiveCfg = Release|x64
		{C91D4E27-6B8A-4F11-9E3C-77A1B2C3D4E5}.Release|x64.Build.0 = Release|x64
	EndGlobalSection
	GlobalSection(SolutionProperties) = preSolution
		HideSolutionNode = FALSE
	EndGlobalSection
EndGlobal
