<?xml version="1.0" encoding="utf-8"?>
<Project ToolsVersion="4.0" xmlns="http://schemas.microsoft.com/developer/msbuild/2003">
  <ItemGroup>
    <Filter Include="Source Files">
      <UniqueIdentifier>{2F9357E2-0137-4C6C-8C1B-85D9A2608E5F}</UniqueIdentifier>
      <Extensions>cpp;c;cxx</Extensions>
    </Filter>
    <Filter Include="Header Files">
      <UniqueIdentifier>{0D1908A8-074D-4280-A3FB-9410F2DD0764}</UniqueIdentifier>
      <Extensions>h;hpp;hxx</Extensions>
    </Filter>
  </ItemGroup>
  <ItemGroup>
    <ClCompile Include="Driver.cpp">
      <Filter>Source Files</Filter>
    </ClCompile>
  </ItemGroup>
  <ItemGroup>
    <ClInclude Include="..\shared\KnLiveDbgIoctl.h">
      <Filter>Header Files</Filter>
    </ClInclude>
  </ItemGroup>
</Project>
