<?xml version="1.0" encoding="utf-8"?>
<Project ToolsVersion="4.0" xmlns="http://schemas.microsoft.com/developer/msbuild/2003">
  <ItemGroup>
    <Filter Include="Source Files">
      <UniqueIdentifier>{D17723EF-35F9-48F0-94D6-6956AE1FC6E4}</UniqueIdentifier>
      <Extensions>cpp;c;cxx</Extensions>
    </Filter>
    <Filter Include="Header Files">
      <UniqueIdentifier>{071AC011-0CB7-4EAF-BCB4-A7FC781018A2}</UniqueIdentifier>
      <Extensions>h;hpp;hxx</Extensions>
    </Filter>
    <Filter Include="Third Party">
      <UniqueIdentifier>{D081A6C3-AB53-43C7-BE3B-EE9301889CB4}</UniqueIdentifier>
      <Extensions>c;h</Extensions>
    </Filter>
    <Filter Include="Resource Files">
      <UniqueIdentifier>{71E094DA-3E54-4721-A951-59229E5A2DDF}</UniqueIdentifier>
      <Extensions>rc;ico;cur;bmp;dlg;rc2;rct;bin;rgs;gif;jpg;jpeg;jpe;resx;tiff;tif;png;wav</Extensions>
    </Filter>
  </ItemGroup>
  <ItemGroup>
    <ClCompile Include="AiProvider.cpp">
      <Filter>Source Files</Filter>
    </ClCompile>
    <ClCompile Include="AlpcScanner.cpp">
      <Filter>Source Files</Filter>
    </ClCompile>
    <ClCompile Include="BindFilterScanner.cpp">
      <Filter>Source Files</Filter>
    </ClCompile>
    <ClCompile Include="ByovdScanner.cpp">
      <Filter>Source Files</Filter>
    </ClCompile>
    <ClCompile Include="CloudFileScanner.cpp">
      <Filter>Source Files</Filter>
    </ClCompile>
    <ClCompile Include="CloakSession.cpp">
      <Filter>Source Files</Filter>
    </ClCompile>
    <ClCompile Include="CallbackScanner.cpp">
      <Filter>Source Files</Filter>
    </ClCompile>
    <ClCompile Include="CommandRegistry.cpp">
      <Filter>Source Files</Filter>
    </ClCompile>
    <ClCompile Include="McpServer.cpp">
      <Filter>Source Files</Filter>
    </ClCompile>
    <ClCompile Include="McpSelfTest.cpp">
      <Filter>Source Files</Filter>
    </ClCompile>
    <ClCompile Include="DbgEngBackend.cpp">
      <Filter>Source Files</Filter>
    </ClCompile>
    <ClCompile Include="DeviceClient.cpp">
      <Filter>Source Files</Filter>
    </ClCompile>
    <ClCompile Include="DriverService.cpp">
      <Filter>Source Files</Filter>
    </ClCompile>
    <ClCompile Include="EtwScanner.cpp">
      <Filter>Source Files</Filter>
    </ClCompile>
    <ClCompile Include="FirmwareTableScanner.cpp">
      <Filter>Source Files</Filter>
    </ClCompile>
    <ClCompile Include="IntegrityScanner.cpp">
      <Filter>Source Files</Filter>
    </ClCompile>
    <ClCompile Include="LeftoverCommon.cpp">
      <Filter>Source Files</Filter>
    </ClCompile>
    <ClCompile Include="MapperRemnantScanner.cpp">
      <Filter>Source Files</Filter>
    </ClCompile>
    <ClCompile Include="OrphanKernelPageScanner.cpp">
      <Filter>Source Files</Filter>
    </ClCompile>
    <ClCompile Include="PayloadTracer.cpp">
      <Filter>Source Files</Filter>
    </ClCompile>
    <ClCompile Include="AddressInspector.cpp">
      <Filter>Source Files</Filter>
    </ClCompile>
    <ClCompile Include="NmiScanner.cpp">
      <Filter>Source Files</Filter>
    </ClCompile>
    <ClCompile Include="MsrScanner.cpp">
      <Filter>Source Files</Filter>
    </ClCompile>
    <ClCompile Include="CrScanner.cpp">
      <Filter>Source Files</Filter>
    </ClCompile>
    <ClCompile Include="SsdtScanner.cpp">
      <Filter>Source Files</Filter>
    </ClCompile>
    <ClCompile Include="IdtScanner.cpp">
      <Filter>Source Files</Filter>
    </ClCompile>
    <ClCompile Include="MemoryDumper.cpp">
      <Filter>Source Files</Filter>
    </ClCompile>
    <ClCompile Include="MinifilterAttachmentScanner.cpp">
      <Filter>Source Files</Filter>
    </ClCompile>
    <ClCompile Include="PoolPeHunter.cpp">
      <Filter>Source Files</Filter>
    </ClCompile>
    <ClCompile Include="ProcessTriageScanner.cpp">
      <Filter>Source Files</Filter>
    </ClCompile>
    <ClCompile Include="QosPolicyScanner.cpp">
      <Filter>Source Files</Filter>
    </ClCompile>
    <ClCompile Include="UserModeHunter.cpp">
      <Filter>Source Files</Filter>
    </ClCompile>
    <ClCompile Include="ThreatIntelSubscriber.cpp">
      <Filter>Source Files</Filter>
    </ClCompile>
    <ClCompile Include="TimelineDashboard.cpp">
      <Filter>Source Files</Filter>
    </ClCompile>
    <ClCompile Include="TimelineModel.cpp">
      <Filter>Source Files</Filter>
    </ClCompile>
    <ClCompile Include="TimelineSelfTest.cpp">
      <Filter>Source Files</Filter>
    </ClCompile>
    <ClCompile Include="TimelineStore.cpp">
      <Filter>Source Files</Filter>
    </ClCompile>
    <ClCompile Include="PoolScanner.cpp">
      <Filter>Source Files</Filter>
    </ClCompile>
    <ClCompile Include="SnapshotCollector.cpp">
      <Filter>Source Files</Filter>
    </ClCompile>
    <ClCompile Include="SnapshotDiff.cpp">
      <Filter>Source Files</Filter>
    </ClCompile>
    <ClCompile Include="SnapshotJson.cpp">
      <Filter>Source Files</Filter>
    </ClCompile>
    <ClCompile Include="SnapshotModel.cpp">
      <Filter>Source Files</Filter>
    </ClCompile>
    <ClCompile Include="SnapshotPrinter.cpp">
      <Filter>Source Files</Filter>
    </ClCompile>
    <ClCompile Include="main.cpp">
      <Filter>Source Files</Filter>
    </ClCompile>
    <ClCompile Include="NativeDisassembler.cpp">
      <Filter>Source Files</Filter>
    </ClCompile>
    <ClCompile Include="SymbolEngine.cpp">
      <Filter>Source Files</Filter>
    </ClCompile>
    <ClCompile Include="VbsScanner.cpp">
      <Filter>Source Files</Filter>
    </ClCompile>
    <ClCompile Include="WfpScanner.cpp">
      <Filter>Source Files</Filter>
    </ClCompile>
    <ClCompile Include="WfpCalloutScanner.cpp">
      <Filter>Source Files</Filter>
    </ClCompile>
    <ClCompile Include="WnfScanner.cpp">
      <Filter>Source Files</Filter>
    </ClCompile>
    <ClCompile Include="..\third_party\zydis\amalgamated\Zydis.c">
      <Filter>Third Party</Filter>
    </ClCompile>
  </ItemGroup>
  <ItemGroup>
    <ClInclude Include="AiProvider.h">
      <Filter>Header Files</Filter>
    </ClInclude>
    <ClInclude Include="AlpcScanner.h">
      <Filter>Header Files</Filter>
    </ClInclude>
    <ClInclude Include="BindFilterScanner.h">
      <Filter>Header Files</Filter>
    </ClInclude>
    <ClInclude Include="ByovdScanner.h">
      <Filter>Header Files</Filter>
    </ClInclude>
    <ClInclude Include="CloudFileScanner.h">
      <Filter>Header Files</Filter>
    </ClInclude>
    <ClInclude Include="CloakSession.h">
      <Filter>Header Files</Filter>
    </ClInclude>
    <ClInclude Include="CallbackScanner.h">
      <Filter>Header Files</Filter>
    </ClInclude>
    <ClInclude Include="CommandRegistry.h">
      <Filter>Header Files</Filter>
    </ClInclude>
    <ClInclude Include="McpServer.h">
      <Filter>Header Files</Filter>
    </ClInclude>
    <ClInclude Include="McpSelfTest.h">
      <Filter>Header Files</Filter>
    </ClInclude>
    <ClInclude Include="McpJson.h">
      <Filter>Header Files</Filter>
    </ClInclude>
    <ClInclude Include="DbgEngBackend.h">
      <Filter>Header Files</Filter>
    </ClInclude>
    <ClInclude Include="DeviceClient.h">
      <Filter>Header Files</Filter>
    </ClInclude>
    <ClInclude Include="DriverService.h">
      <Filter>Header Files</Filter>
    </ClInclude>
    <ClInclude Include="EtwScanner.h">
      <Filter>Header Files</Filter>
    </ClInclude>
    <ClInclude Include="FirmwareTableScanner.h">
      <Filter>Header Files</Filter>
    </ClInclude>
    <ClInclude Include="IntegrityScanner.h">
      <Filter>Header Files</Filter>
    </ClInclude>
    <ClInclude Include="LeftoverCommon.h">
      <Filter>Header Files</Filter>
    </ClInclude>
    <ClInclude Include="MapperRemnantScanner.h">
      <Filter>Header Files</Filter>
    </ClInclude>
    <ClInclude Include="OrphanKernelPageScanner.h">
      <Filter>Header Files</Filter>
    </ClInclude>
    <ClInclude Include="PayloadTracer.h">
      <Filter>Header Files</Filter>
    </ClInclude>
    <ClInclude Include="LayoutResolver.h">
      <Filter>Header Files</Filter>
    </ClInclude>
    <ClInclude Include="MsrScanner.h">
      <Filter>Header Files</Filter>
    </ClInclude>
    <ClInclude Include="CrScanner.h">
      <Filter>Header Files</Filter>
    </ClInclude>
    <ClInclude Include="SsdtScanner.h">
      <Filter>Header Files</Filter>
    </ClInclude>
    <ClInclude Include="IdtScanner.h">
      <Filter>Header Files</Filter>
    </ClInclude>
    <ClInclude Include="AddressInspector.h">
      <Filter>Header Files</Filter>
    </ClInclude>
    <ClInclude Include="NmiScanner.h">
      <Filter>Header Files</Filter>
    </ClInclude>
    <ClInclude Include="MemoryDumper.h">
      <Filter>Header Files</Filter>
    </ClInclude>
    <ClInclude Include="MinifilterAttachmentScanner.h">
      <Filter>Header Files</Filter>
    </ClInclude>
    <ClInclude Include="PoolPeHunter.h">
      <Filter>Header Files</Filter>
    </ClInclude>
    <ClInclude Include="ProcessTriageScanner.h">
      <Filter>Header Files</Filter>
    </ClInclude>
    <ClInclude Include="QosPolicyScanner.h">
      <Filter>Header Files</Filter>
    </ClInclude>
    <ClInclude Include="UserModeHunter.h">
      <Filter>Header Files</Filter>
    </ClInclude>
    <ClInclude Include="ThreatIntelSubscriber.h">
      <Filter>Header Files</Filter>
    </ClInclude>
    <ClInclude Include="TimelineDashboard.h">
      <Filter>Header Files</Filter>
    </ClInclude>
    <ClInclude Include="TimelineModel.h">
      <Filter>Header Files</Filter>
    </ClInclude>
    <ClInclude Include="TimelineSelfTest.h">
      <Filter>Header Files</Filter>
    </ClInclude>
    <ClInclude Include="TimelineStore.h">
      <Filter>Header Files</Filter>
    </ClInclude>
    <ClInclude Include="PoolScanner.h">
      <Filter>Header Files</Filter>
    </ClInclude>
    <ClInclude Include="SnapshotCollector.h">
      <Filter>Header Files</Filter>
    </ClInclude>
    <ClInclude Include="SnapshotDiff.h">
      <Filter>Header Files</Filter>
    </ClInclude>
    <ClInclude Include="SnapshotJson.h">
      <Filter>Header Files</Filter>
    </ClInclude>
    <ClInclude Include="SnapshotModel.h">
      <Filter>Header Files</Filter>
    </ClInclude>
    <ClInclude Include="SnapshotPrinter.h">
      <Filter>Header Files</Filter>
    </ClInclude>
    <ClInclude Include="NativeDisassembler.h">
      <Filter>Header Files</Filter>
    </ClInclude>
    <ClInclude Include="SymbolEngine.h">
      <Filter>Header Files</Filter>
    </ClInclude>
    <ClInclude Include="VbsScanner.h">
      <Filter>Header Files</Filter>
    </ClInclude>
    <ClInclude Include="WfpScanner.h">
      <Filter>Header Files</Filter>
    </ClInclude>
    <ClInclude Include="WfpCalloutScanner.h">
      <Filter>Header Files</Filter>
    </ClInclude>
    <ClInclude Include="WnfScanner.h">
      <Filter>Header Files</Filter>
    </ClInclude>
    <ClInclude Include="..\shared\KnLiveDbgIoctl.h">
      <Filter>Header Files</Filter>
    </ClInclude>
    <ClInclude Include="..\shared\KnLiveDbgProbeIoctl.h">
      <Filter>Header Files</Filter>
    </ClInclude>
    <ClInclude Include="..\shared\KnLiveDbgVersion.h">
      <Filter>Header Files</Filter>
    </ClInclude>
    <ClInclude Include="..\third_party\zydis\amalgamated\Zydis.h">
      <Filter>Third Party</Filter>
    </ClInclude>
  </ItemGroup>
  <ItemGroup>
    <ResourceCompile Include="KnLiveDbg.rc">
      <Filter>Resource Files</Filter>
    </ResourceCompile>
  </ItemGroup>
</Project>
