<?xml version="1.0" encoding="utf-8"?>
<Project ToolsVersion="4.0" xmlns="http://schemas.microsoft.com/developer/msbuild/2003">
  <ItemGroup>
    <Filter Include="Source Files">
      <UniqueIdentifier>{D17723EF-35F9-48F0-94D6-6956AE1FC6E4}</UniqueIdentifier>
      <Extensions>cpp;c;cxx</Extensions>
    </Filter>
    <Filter Include="Header Files">
      <UniqueIdentifier>{071AC011-0CB7-4EAF-BCB4-A7FC781018A2}</UniqueIdentifier>
      <Extensions>h;hpp;hxx</Extensions>
    </Filter>
    <Filter Include="Third Party">
      <UniqueIdentifier>{D081A6C3-AB53-43C7-BE3B-EE9301889CB4}</UniqueIdentifier>
      <Extensions>c;h</Extensions>
    </Filter>
  </ItemGroup>
  <ItemGroup>
    <ClCompile Include="AiProvider.cpp">
      <Filter>Source Files</Filter>
    </ClCompile>
    <ClCompile Include="CallbackScanner.cpp">
      <Filter>Source Files</Filter>
    </ClCompile>
    <ClCompile Include="CommandRegistry.cpp">
      <Filter>Source Files</Filter>
    </ClCompile>
    <ClCompile Include="DbgEngBackend.cpp">
      <Filter>Source Files</Filter>
    </ClCompile>
    <ClCompile Include="DeviceClient.cpp">
      <Filter>Source Files</Filter>
    </ClCompile>
    <ClCompile Include="DriverService.cpp">
      <Filter>Source Files</Filter>
    </ClCompile>
    <ClCompile Include="main.cpp">
      <Filter>Source Files</Filter>
    </ClCompile>
    <ClCompile Include="NativeDisassembler.cpp">
      <Filter>Source Files</Filter>
    </ClCompile>
    <ClCompile Include="SymbolEngine.cpp">
      <Filter>Source Files</Filter>
    </ClCompile>
    <ClCompile Include="..\third_party\zydis\amalgamated\Zydis.c">
      <Filter>Third Party</Filter>
    </ClCompile>
  </ItemGroup>
  <ItemGroup>
    <ClInclude Include="AiProvider.h">
      <Filter>Header Files</Filter>
    </ClInclude>
    <ClInclude Include="CallbackScanner.h">
      <Filter>Header Files</Filter>
    </ClInclude>
    <ClInclude Include="CommandRegistry.h">
      <Filter>Header Files</Filter>
    </ClInclude>
    <ClInclude Include="DbgEngBackend.h">
      <Filter>Header Files</Filter>
    </ClInclude>
    <ClInclude Include="DeviceClient.h">
      <Filter>Header Files</Filter>
    </ClInclude>
    <ClInclude Include="DriverService.h">
      <Filter>Header Files</Filter>
    </ClInclude>
    <ClInclude Include="NativeDisassembler.h">
      <Filter>Header Files</Filter>
    </ClInclude>
    <ClInclude Include="SymbolEngine.h">
      <Filter>Header Files</Filter>
    </ClInclude>
    <ClInclude Include="..\shared\KnLiveDbgIoctl.h">
      <Filter>Header Files</Filter>
    </ClInclude>
    <ClInclude Include="..\shared\KnLiveDbgProbeIoctl.h">
      <Filter>Header Files</Filter>
    </ClInclude>
    <ClInclude Include="..\third_party\zydis\amalgamated\Zydis.h">
      <Filter>Third Party</Filter>
    </ClInclude>
  </ItemGroup>
</Project>
